{
    "_readme": [
        "This file locks the dependencies of your project to a known state",
        "Read more about it at https://getcomposer.org/doc/01-basic-usage.md#installing-dependencies",
        "This file is @generated automatically"
    ],
    "content-hash": "21aa5ae8ed45e024bf7cdfdb8947a7b8",
    "packages": [
        {
            "name": "dedoc/scramble",
            "version": "v0.13.22",
            "source": {
                "type": "git",
                "url": "https://github.com/dedoc/scramble.git",
                "reference": "b54b0c43bdebaa01f66cc3dfdd8f91e19b12da96"
            },
            "dist": {
                "type": "zip",
                "url": "https://api.github.com/repos/dedoc/scramble/zipball/b54b0c43bdebaa01f66cc3dfdd8f91e19b12da96",
                "reference": "b54b0c43bdebaa01f66cc3dfdd8f91e19b12da96",
                "shasum": ""
            },
            "require": {
                "illuminate/contracts": "^10.0|^11.0|^12.0|^13.0",
                "myclabs/deep-copy": "^1.12",
                "nikic/php-parser": "^5.0",
                "php": "^8.1",
                "phpstan/phpdoc-parser": "^1.0|^2.0",
                "spatie/laravel-package-tools": "^1.9.2"
            },
            "require-dev": {
                "larastan/larastan": "^3.3",
                "laravel/pint": "^v1.1.0",
                "nunomaduro/collision": "^7.0|^8.0",
                "orchestra/testbench": "^8.0|^9.0|^10.0|^11.0",
                "pestphp/pest": "^2.34|^3.7|^4.4",
                "pestphp/pest-plugin-laravel": "^2.3|^3.1|^4.1",
                "phpstan/extension-installer": "^1.4",
                "phpstan/phpstan-deprecation-rules": "^2.0",
                "phpstan/phpstan-phpunit": "^2.0",
                "phpunit/phpunit": "^10.5|^11.5.3|^12.5.12",
                "spatie/laravel-permission": "^6.10|^7.2",
                "spatie/pest-plugin-snapshots": "^2.1"
            },
            "type": "library",
            "extra": {
                "laravel": {
                    "providers": [
                        "Dedoc\\Scramble\\ScrambleServiceProvider"
                    ]
                }
            },
            "autoload": {
                "psr-4": {
                    "Dedoc\\Scramble\\": "src",
                    "Dedoc\\Scramble\\Database\\Factories\\": "database/factories"
                }
            },
            "notification-url": "https://packagist.org/downloads/",
            "license": [
                "MIT"
            ],
            "authors": [
                {
                    "name": "Roman Lytvynenko",
                    "email": "litvinenko95@gmail.com",
                    "role": "Developer"
                }
            ],
            "description": "Automatic generation of API documentation for Laravel applications.",
            "homepage": "https://github.com/dedoc/scramble",
            "keywords": [
                "documentation",
                "laravel",
                "openapi"
            ],
            "support": {
                "issues": "https://github.com/dedoc/scramble/issues",
                "source": "https://github.com/dedoc/scramble/tree/v0.13.22"
            },
            "funding": [
                {
                    "url": "https://github.com/romalytvynenko",
                    "type": "github"
                }
            ],
            "time": "2026-04-27T20:30:51+00:00"
        },
        {
            "name": "illuminate/contracts",
            "version": "v13.9.0",
            "source": {
                "type": "git",
                "url": "https://github.com/illuminate/contracts.git",
                "reference": "71dba8668753f7c6ea862bc4258eba6513b592ec"
            },
            "dist": {
                "type": "zip",
                "url": "https://api.github.com/repos/illuminate/contracts/zipball/71dba8668753f7c6ea862bc4258eba6513b592ec",
                "reference": "71dba8668753f7c6ea862bc4258eba6513b592ec",
                "shasum": ""
            },
            "require": {
                "php": "^8.3",
                "psr/container": "^1.1.1 || ^2.0.1",
                "psr/simple-cache": "^1.0 || ^2.0 || ^3.0"
            },
            "type": "library",
            "extra": {
                "branch-alias": {
                    "dev-master": "13.0.x-dev"
                }
            },
            "autoload": {
                "psr-4": {
                    "Illuminate\\Contracts\\": ""
                }
            },
            "notification-url": "https://packagist.org/downloads/",
            "license": [
                "MIT"
            ],
            "authors": [
                {
                    "name": "Taylor Otwell",
                    "email": "taylor@laravel.com"
                }
            ],
            "description": "The Illuminate Contracts package.",
            "homepage": "https://laravel.com",
            "support": {
                "issues": "https://github.com/laravel/framework/issues",
                "source": "https://github.com/laravel/framework"
            },
            "time": "2026-05-06T18:50:26+00:00"
        },
        {
            "name": "myclabs/deep-copy",
            "version": "1.13.4",
            "source": {
                "type": "git",
                "url": "https://github.com/myclabs/DeepCopy.git",
                "reference": "07d290f0c47959fd5eed98c95ee5602db07e0b6a"
            },
            "dist": {
                "type": "zip",
                "url": "https://api.github.com/repos/myclabs/DeepCopy/zipball/07d290f0c47959fd5eed98c95ee5602db07e0b6a",
                "reference": "07d290f0c47959fd5eed98c95ee5602db07e0b6a",
                "shasum": ""
            },
            "require": {
                "php": "^7.1 || ^8.0"
            },
            "conflict": {
                "doctrine/collections": "<1.6.8",
                "doctrine/common": "<2.13.3 || >=3 <3.2.2"
            },
            "require-dev": {
                "doctrine/collections": "^1.6.8",
                "doctrine/common": "^2.13.3 || ^3.2.2",
                "phpspec/prophecy": "^1.10",
                "phpunit/phpunit": "^7.5.20 || ^8.5.23 || ^9.5.13"
            },
            "type": "library",
            "autoload": {
                "files": [
                    "src/DeepCopy/deep_copy.php"
                ],
                "psr-4": {
                    "DeepCopy\\": "src/DeepCopy/"
                }
            },
            "notification-url": "https://packagist.org/downloads/",
            "license": [
                "MIT"
            ],
            "description": "Create deep copies (clones) of your objects",
            "keywords": [
                "clone",
                "copy",
                "duplicate",
                "object",
                "object graph"
            ],
            "support": {
                "issues": "https://github.com/myclabs/DeepCopy/issues",
                "source": "https://github.com/myclabs/DeepCopy/tree/1.13.4"
            },
            "funding": [
                {
                    "url": "https://tidelift.com/funding/github/packagist/myclabs/deep-copy",
                    "type": "tidelift"
                }
            ],
            "time": "2025-08-01T08:46:24+00:00"
        },
        {
            "name": "nikic/php-parser",
            "version": "v5.7.0",
            "source": {
                "type": "git",
                "url": "https://github.com/nikic/PHP-Parser.git",
                "reference": "dca41cd15c2ac9d055ad70dbfd011130757d1f82"
            },
            "dist": {
                "type": "zip",
                "url": "https://api.github.com/repos/nikic/PHP-Parser/zipball/dca41cd15c2ac9d055ad70dbfd011130757d1f82",
                "reference": "dca41cd15c2ac9d055ad70dbfd011130757d1f82",
                "shasum": ""
            },
            "require": {
                "ext-ctype": "*",
                "ext-json": "*",
                "ext-tokenizer": "*",
                "php": ">=7.4"
            },
            "require-dev": {
                "ircmaxell/php-yacc": "^0.0.7",
                "phpunit/phpunit": "^9.0"
            },
            "bin": [
                "bin/php-parse"
            ],
            "type": "library",
            "extra": {
                "branch-alias": {
                    "dev-master": "5.x-dev"
                }
            },
            "autoload": {
                "psr-4": {
                    "PhpParser\\": "lib/PhpParser"
                }
            },
            "notification-url": "https://packagist.org/downloads/",
            "license": [
                "BSD-3-Clause"
            ],
            "authors": [
                {
                    "name": "Nikita Popov"
                }
            ],
            "description": "A PHP parser written in PHP",
            "keywords": [
                "parser",
                "php"
            ],
            "support": {
                "issues": "https://github.com/nikic/PHP-Parser/issues",
                "source": "https://github.com/nikic/PHP-Parser/tree/v5.7.0"
            },
            "time": "2025-12-06T11:56:16+00:00"
        },
        {
            "name": "phpstan/phpdoc-parser",
            "version": "2.3.2",
            "source": {
                "type": "git",
                "url": "https://github.com/phpstan/phpdoc-parser.git",
                "reference": "a004701b11273a26cd7955a61d67a7f1e525a45a"
            },
            "dist": {
                "type": "zip",
                "url": "https://api.github.com/repos/phpstan/phpdoc-parser/zipball/a004701b11273a26cd7955a61d67a7f1e525a45a",
                "reference": "a004701b11273a26cd7955a61d67a7f1e525a45a",
                "shasum": ""
            },
            "require": {
                "php": "^7.4 || ^8.0"
            },
            "require-dev": {
                "doctrine/annotations": "^2.0",
                "nikic/php-parser": "^5.3.0",
                "php-parallel-lint/php-parallel-lint": "^1.2",
                "phpstan/extension-installer": "^1.0",
                "phpstan/phpstan": "^2.0",
                "phpstan/phpstan-phpunit": "^2.0",
                "phpstan/phpstan-strict-rules": "^2.0",
                "phpunit/phpunit": "^9.6",
                "symfony/process": "^5.2"
            },
            "type": "library",
            "autoload": {
                "psr-4": {
                    "PHPStan\\PhpDocParser\\": [
                        "src/"
                    ]
                }
            },
            "notification-url": "https://packagist.org/downloads/",
            "license": [
                "MIT"
            ],
            "description": "PHPDoc parser with support for nullable, intersection and generic types",
            "support": {
                "issues": "https://github.com/phpstan/phpdoc-parser/issues",
                "source": "https://github.com/phpstan/phpdoc-parser/tree/2.3.2"
            },
            "time": "2026-01-25T14:56:51+00:00"
        },
        {
            "name": "psr/container",
            "version": "2.0.2",
            "source": {
                "type": "git",
                "url": "https://github.com/php-fig/container.git",
                "reference": "c71ecc56dfe541dbd90c5360474fbc405f8d5963"
            },
            "dist": {
                "type": "zip",
                "url": "https://api.github.com/repos/php-fig/container/zipball/c71ecc56dfe541dbd90c5360474fbc405f8d5963",
                "reference": "c71ecc56dfe541dbd90c5360474fbc405f8d5963",
                "shasum": ""
            },
            "require": {
                "php": ">=7.4.0"
            },
            "type": "library",
            "extra": {
                "branch-alias": {
                    "dev-master": "2.0.x-dev"
                }
            },
            "autoload": {
                "psr-4": {
                    "Psr\\Container\\": "src/"
                }
            },
            "notification-url": "https://packagist.org/downloads/",
            "license": [
                "MIT"
            ],
            "authors": [
                {
                    "name": "PHP-FIG",
                    "homepage": "https://www.php-fig.org/"
                }
            ],
            "description": "Common Container Interface (PHP FIG PSR-11)",
            "homepage": "https://github.com/php-fig/container",
            "keywords": [
                "PSR-11",
                "container",
                "container-interface",
                "container-interop",
                "psr"
            ],
            "support": {
                "issues": "https://github.com/php-fig/container/issues",
                "source": "https://github.com/php-fig/container/tree/2.0.2"
            },
            "time": "2021-11-05T16:47:00+00:00"
        },
        {
            "name": "psr/simple-cache",
            "version": "3.0.0",
            "source": {
                "type": "git",
                "url": "https://github.com/php-fig/simple-cache.git",
                "reference": "764e0b3939f5ca87cb904f570ef9be2d78a07865"
            },
            "dist": {
                "type": "zip",
                "url": "https://api.github.com/repos/php-fig/simple-cache/zipball/764e0b3939f5ca87cb904f570ef9be2d78a07865",
                "reference": "764e0b3939f5ca87cb904f570ef9be2d78a07865",
                "shasum": ""
            },
            "require": {
                "php": ">=8.0.0"
            },
            "type": "library",
            "extra": {
                "branch-alias": {
                    "dev-master": "3.0.x-dev"
                }
            },
            "autoload": {
                "psr-4": {
                    "Psr\\SimpleCache\\": "src/"
                }
            },
            "notification-url": "https://packagist.org/downloads/",
            "license": [
                "MIT"
            ],
            "authors": [
                {
                    "name": "PHP-FIG",
                    "homepage": "https://www.php-fig.org/"
                }
            ],
            "description": "Common interfaces for simple caching",
            "keywords": [
                "cache",
                "caching",
                "psr",
                "psr-16",
                "simple-cache"
            ],
            "support": {
                "source": "https://github.com/php-fig/simple-cache/tree/3.0.0"
            },
            "time": "2021-10-29T13:26:27+00:00"
        },
        {
            "name": "spatie/laravel-package-tools",
            "version": "1.93.0",
            "source": {
                "type": "git",
                "url": "https://github.com/spatie/laravel-package-tools.git",
                "reference": "0d097bce95b2bf6802fb1d83e1e753b0f5a948e7"
            },
            "dist": {
                "type": "zip",
                "url": "https://api.github.com/repos/spatie/laravel-package-tools/zipball/0d097bce95b2bf6802fb1d83e1e753b0f5a948e7",
                "reference": "0d097bce95b2bf6802fb1d83e1e753b0f5a948e7",
                "shasum": ""
            },
            "require": {
                "illuminate/contracts": "^10.0|^11.0|^12.0|^13.0",
                "php": "^8.1"
            },
            "require-dev": {
                "mockery/mockery": "^1.5",
                "orchestra/testbench": "^8.0|^9.2|^10.0|^11.0",
                "pestphp/pest": "^2.1|^3.1|^4.0",
                "phpunit/php-code-coverage": "^10.0|^11.0|^12.0",
                "phpunit/phpunit": "^10.5|^11.5|^12.5",
                "spatie/pest-plugin-test-time": "^2.2|^3.0"
            },
            "type": "library",
            "autoload": {
                "psr-4": {
                    "Spatie\\LaravelPackageTools\\": "src"
                }
            },
            "notification-url": "https://packagist.org/downloads/",
            "license": [
                "MIT"
            ],
            "authors": [
                {
                    "name": "Freek Van der Herten",
                    "email": "freek@spatie.be",
                    "role": "Developer"
                }
            ],
            "description": "Tools for creating Laravel packages",
            "homepage": "https://github.com/spatie/laravel-package-tools",
            "keywords": [
                "laravel-package-tools",
                "spatie"
            ],
            "support": {
                "issues": "https://github.com/spatie/laravel-package-tools/issues",
                "source": "https://github.com/spatie/laravel-package-tools/tree/1.93.0"
            },
            "funding": [
                {
                    "url": "https://github.com/spatie",
                    "type": "github"
                }
            ],
            "time": "2026-02-21T12:49:54+00:00"
        }
    ],
    "packages-dev": [],
    "aliases": [],
    "minimum-stability": "stable",
    "stability-flags": {},
    "prefer-stable": false,
    "prefer-lowest": false,
    "platform": {},
    "platform-dev": {},
    "plugin-api-version": "2.6.0"
}
